{
  "name": "uniapp-wechath5",
  "version": "1.0.0",
  "lockfileVersion": 1,
  "requires": true,
  "dependencies": {
    "@babel/helper-module-imports": {
      "version": "7.12.13",
      "resolved": "https://registry.npmjs.org/@babel/helper-module-imports/-/helper-module-imports-7.12.13.tgz",
      "integrity": "sha512-NGmfvRp9Rqxy0uHSSVP+SRIW1q31a7Ji10cLBcqSDUngGentY4FRiHOFZFE1CLU5eiL0oE8reH7Tg1y99TDM/g==",
      "dev": true,
      "requires": {
        "@babel/types": "^7.12.13"
      }
    },
    "@babel/helper-validator-identifier": {
      "version": "7.12.11",
      "resolved": "https://registry.npmjs.org/@babel/helper-validator-identifier/-/helper-validator-identifier-7.12.11.tgz",
      "integrity": "sha512-np/lG3uARFybkoHokJUmf1QfEvRVCPbmQeUQpKow5cQ3xWrV9i3rUHodKDJPQfTVX61qKi+UdYk8kik84n7XOw==",
      "dev": true
    },
    "@babel/runtime": {
      "version": "7.12.13",
      "resolved": "https://registry.npmjs.org/@babel/runtime/-/runtime-7.12.13.tgz",
      "integrity": "sha512-8+3UMPBrjFa/6TtKi/7sehPKqfAm4g6K+YQjyyFOLUTxzOngcRZTlAVY8sc2CORJYqdHQY8gRPHmn+qo15rCBw==",
      "requires": {
        "regenerator-runtime": "^0.13.4"
      }
    },
    "@babel/types": {
      "version": "7.12.13",
      "resolved": "https://registry.npmjs.org/@babel/types/-/types-7.12.13.tgz",
      "integrity": "sha512-oKrdZTld2im1z8bDwTOQvUbxKwE+854zc16qWZQlcTqMN00pWxHQ4ZeOq0yDMnisOpRykH2/5Qqcrk/OlbAjiQ==",
      "dev": true,
      "requires": {
        "@babel/helper-validator-identifier": "^7.12.11",
        "lodash": "^4.17.19",
        "to-fast-properties": "^2.0.0"
      }
    },
    "@popperjs/core": {
      "version": "2.6.0",
      "resolved": "https://registry.npmjs.org/@popperjs/core/-/core-2.6.0.tgz",
      "integrity": "sha512-cPqjjzuFWNK3BSKLm0abspP0sp/IGOli4p5I5fKFAzdS8fvjdOwDCfZqAaIiXd9lPkOWi3SUUfZof3hEb7J/uw=="
    },
    "@vant/icons": {
      "version": "1.5.2",
      "resolved": "https://registry.npmjs.org/@vant/icons/-/icons-1.5.2.tgz",
      "integrity": "sha512-Gy2mFIgObvCh1azp6LklQYsNFrCjMLxf/mEzHD6WV0pZbMBNjsb7bWvAjPo3Wygo9IVtGqi/36wrtosv3PkyRg=="
    },
    "@vant/popperjs": {
      "version": "1.0.3",
      "resolved": "https://registry.npmjs.org/@vant/popperjs/-/popperjs-1.0.3.tgz",
      "integrity": "sha512-m5md0JKNSLwFFgJ7T25l+my9unaz6CuE441ZJD6nls7r05P2HFRPOKeC/5A1IS6VU5cjmJ5Gq4E1fuyKMk+S9w==",
      "requires": {
        "@popperjs/core": "^2.5.4"
      }
    },
    "@vue/babel-helper-vue-jsx-merge-props": {
      "version": "1.2.1",
      "resolved": "https://registry.npmjs.org/@vue/babel-helper-vue-jsx-merge-props/-/babel-helper-vue-jsx-merge-props-1.2.1.tgz",
      "integrity": "sha512-QOi5OW45e2R20VygMSNhyQHvpdUwQZqGPc748JLGCYEy+yp8fNFNdbNIGAgZmi9e+2JHPd6i6idRuqivyicIkA=="
    },
    "babel-plugin-import": {
      "version": "1.13.3",
      "resolved": "https://registry.npmjs.org/babel-plugin-import/-/babel-plugin-import-1.13.3.tgz",
      "integrity": "sha512-1qCWdljJOrDRH/ybaCZuDgySii4yYrtQ8OJQwrcDqdt0y67N30ng3X3nABg6j7gR7qUJgcMa9OMhc4AGViDwWw==",
      "dev": true,
      "requires": {
        "@babel/helper-module-imports": "^7.0.0",
        "@babel/runtime": "^7.0.0"
      }
    },
    "camelcase": {
      "version": "1.2.1",
      "resolved": "https://registry.npmjs.org/camelcase/-/camelcase-1.2.1.tgz",
      "integrity": "sha1-m7UwTS4LVmmLLHWLCKPqqdqlijk="
    },
    "js-md5": {
      "version": "0.7.3",
      "resolved": "https://registry.npmjs.org/js-md5/-/js-md5-0.7.3.tgz",
      "integrity": "sha512-ZC41vPSTLKGwIRjqDh8DfXoCrdQIyBgspJVPXHBGu4nZlAEvG3nf+jO9avM9RmLiGakg7vz974ms99nEV0tmTQ=="
    },
    "lodash": {
      "version": "4.17.20",
      "resolved": "https://registry.npmjs.org/lodash/-/lodash-4.17.20.tgz",
      "integrity": "sha512-PlhdFcillOINfeV7Ni6oF1TAEayyZBoZ8bcshTHqOYJYlrqzRK5hagpagky5o4HfCzzd1TRkXPMFq6cKk9rGmA==",
      "dev": true
    },
    "regenerator-runtime": {
      "version": "0.13.7",
      "resolved": "https://registry.npmjs.org/regenerator-runtime/-/regenerator-runtime-0.13.7.tgz",
      "integrity": "sha512-a54FxoJDIr27pgf7IgeQGxmqUNYrcV338lf/6gH456HZ/PhX+5BcwHXG9ajESmwe6WRO0tAzRUrRmNONWgkrew=="
    },
    "to-fast-properties": {
      "version": "2.0.0",
      "resolved": "https://registry.npmjs.org/to-fast-properties/-/to-fast-properties-2.0.0.tgz",
      "integrity": "sha1-3F5pjL0HkmW8c+A3doGk5Og/YW4=",
      "dev": true
    },
    "uninstall": {
      "version": "0.0.0",
      "resolved": "https://registry.npmjs.org/uninstall/-/uninstall-0.0.0.tgz",
      "integrity": "sha1-ED5uN+nFLshXVCzSWQI9ccej+ys=",
      "dev": true
    },
    "uppercamelcase": {
      "version": "1.1.0",
      "resolved": "https://registry.npmjs.org/uppercamelcase/-/uppercamelcase-1.1.0.tgz",
      "integrity": "sha1-Mk2YprOvx+iolT4QZBUJsOTiP5c=",
      "requires": {
        "camelcase": "^1.2.1"
      }
    },
    "vant": {
      "version": "2.12.6",
      "resolved": "https://registry.npmjs.org/vant/-/vant-2.12.6.tgz",
      "integrity": "sha512-mX5To5Z0w9lRuZi9SYQhP48DFk5bw6E/zgu0JEyk6RHdbbzjXEHp6+WqSa1Mb85vx9sdMMDWf/BJNXFwcCViyQ==",
      "requires": {
        "@babel/runtime": "7.x",
        "@vant/icons": "1.5.2",
        "@vant/popperjs": "^1.0.0",
        "@vue/babel-helper-vue-jsx-merge-props": "^1.0.0",
        "vue-lazyload": "1.2.3"
      }
    },
    "vue-amap": {
      "version": "0.5.10",
      "resolved": "https://registry.npmjs.org/vue-amap/-/vue-amap-0.5.10.tgz",
      "integrity": "sha512-9ViNCev1vx32+zZ5RvF/TmUZNbwL9QrdA2/OnD2GlXMfQBkJy7D08Vb7379t6guqnopDPtWJ8K6gg72h9+4GUg==",
      "requires": {
        "uppercamelcase": "^1.1.0"
      }
    },
    "vue-lazyload": {
      "version": "1.2.3",
      "resolved": "https://registry.npmjs.org/vue-lazyload/-/vue-lazyload-1.2.3.tgz",
      "integrity": "sha512-DC0ZwxanbRhx79tlA3zY5OYJkH8FYp3WBAnAJbrcuoS8eye1P73rcgAZhyxFSPUluJUTelMB+i/+VkNU/qVm7g=="
    }
  }
}
